github.com/creack/goselect v0.0.0-20180309031808-3adf2cd7aa67 h1:Q2Zo8uqT5fEQgfj2MFEspNAW+08e++Pb3UGeOzr8fOI=
github.com/creack/goselect v0.0.0-20180309031808-3adf2cd7aa67/go.mod h1:gHrIcH/9UZDn2qgeTUeW5K9eZsVYCH6/60J/FHysWyE=
github.com/jacobsa/go-serial v0.0.0-20180131005756-15cf729a72d4 h1:G2ztCwXov8mRvP0ZfjE6nAlaCX2XbykaeHdbT6KwDz0=
github.com/jacobsa/go-serial v0.0.0-20180131005756-15cf729a72d4/go.mod h1:2RvX5ZjVtsznNZPEt4xwJXNJrM3VTZoQf7V6gk0ysvs=
go.bug.st/serial.v1 v0.0.0-20180827123349-5f7892a7bb45 h1:mACY1anK6HNCZtm/DK2Rf2ZPHggVqeB0+7rY9Gl6wyI=
go.bug.st/serial.v1 v0.0.0-20180827123349-5f7892a7bb45/go.mod h1:dRSl/CVCTf56CkXgJMDOdSwNfo2g1orOGE/gBGdvjZw=
golang.org/x/sys v0.0.0-20190215142949-d0b11bdaac8a h1:1BGLXjeY4akVXGgbC9HugT3Jv3hCI0z56oJR5vAMgBU=
golang.org/x/sys v0.0.0-20190215142949-d0b11bdaac8a/go.mod h1:STP8DvDyc/dI5b8T5hshtkjS+E42TnysNCUPdjciGhY=
